
Microsoft Visual Studio Solution File, Format Version 12.00
# Visual Studio 15
Project("{FAE04EC0-301F-11D3-BF4B-00C04F79EFBC}") = "Assembly-CSharp", "Assembly-CSharp.csproj", "{B7F4651C-904B-214E-7DA9-6355E9411A8D}"
EndProject
Project("{FAE04EC0-301F-11D3-BF4B-00C04F79EFBC}") = "Assembly-CSharp-firstpass", "Assembly-CSharp-firstpass.csproj", "{52F8E949-D8C4-846E-39CE-0BFEE71AFA15}"
EndProject
Global
	GlobalSection(SolutionConfigurationPlatforms) = preSolution
		Debug|Any CPU = Debug|Any CPU
		Release|Any CPU = Release|Any CPU
	EndGlobalSection
	GlobalSection(ProjectConfigurationPlatforms) = postSolution
		{B7F4651C-904B-214E-7DA9-6355E9411A8D}.Debug|Any CPU.ActiveCfg = Debug|Any CPU
		{B7F4651C-904B-214E-7DA9-6355E9411A8D}.Debug|Any CPU.Build.0 = Debug|Any CPU
		{B7F4651C-904B-214E-7DA9-6355E9411A8D}.Release|Any CPU.ActiveCfg = Release|Any CPU
		{B7F4651C-904B-214E-7DA9-6355E9411A8D}.Release|Any CPU.Build.0 = Release|Any CPU
		{52F8E949-D8C4-846E-39CE-0BFEE71AFA15}.Debug|Any CPU.ActiveCfg = Debug|Any CPU
		{52F8E949-D8C4-846E-39CE-0BFEE71AFA15}.Debug|Any CPU.Build.0 = Debug|Any CPU
		{52F8E949-D8C4-846E-39CE-0BFEE71AFA15}.Release|Any CPU.ActiveCfg = Release|Any CPU
		{52F8E949-D8C4-846E-39CE-0BFEE71AFA15}.Release|Any CPU.Build.0 = Release|Any CPU
	EndGlobalSection
	GlobalSection(SolutionProperties) = preSolution
		HideSolutionNode = FALSE
	EndGlobalSection
EndGlobal
